
Microsoft Visual Studio Solution File, Format Version 12.00
# Visual Studio Version 17
VisualStudioVersion = 17.8.34322.80
MinimumVisualStudioVersion = 10.0.40219.1
Project("{9A19103F-16F7-4668-BE54-9A1E7A4F7556}") = "AdventOfCode.Day1", "AdventOfCode.Day1\AdventOfCode.Day1.csproj", "{D39867E9-DD0B-414A-A36A-1DB1B53AF5F6}"
EndProject
Project("{9A19103F-16F7-4668-BE54-9A1E7A4F7556}") = "AdventOfCode.Day2", "AdventOfCode.Day2\AdventOfCode.Day2.csproj", "{77037BF4-6BC2-425F-A77B-893BAE6E97BA}"
EndProject
Project("{FAE04EC0-301F-11D3-BF4B-00C04F79EFBC}") = "AdventOfCode.Day3", "AdventOfCode.Day3\AdventOfCode.Day3.csproj", "{04016E07-D5FB-4EC7-B264-17DA1A585EA6}"
EndProject
Project("{FAE04EC0-301F-11D3-BF4B-00C04F79EFBC}") = "AdventOfCode.Day4", "AdventOfCode.Day4\AdventOfCode.Day4.csproj", "{C846D029-8301-4BAA-8994-6A088078010F}"
EndProject
Global
	GlobalSection(SolutionConfigurationPlatforms) = preSolution
		Debug|Any CPU = Debug|Any CPU
		Release|Any CPU = Release|Any CPU
	EndGlobalSection
	GlobalSection(ProjectConfigurationPlatforms) = postSolution
		{D39867E9-DD0B-414A-A36A-1DB1B53AF5F6}.Debug|Any CPU.ActiveCfg = Debug|Any CPU
		{D39867E9-DD0B-414A-A36A-1DB1B53AF5F6}.Debug|Any CPU.Build.0 = Debug|Any CPU
		{D39867E9-DD0B-414A-A36A-1DB1B53AF5F6}.Release|Any CPU.ActiveCfg = Release|Any CPU
		{D39867E9-DD0B-414A-A36A-1DB1B53AF5F6}.Release|Any CPU.Build.0 = Release|Any CPU
		{77037BF4-6BC2-425F-A77B-893BAE6E97BA}.Debug|Any CPU.ActiveCfg = Debug|Any CPU
		{77037BF4-6BC2-425F-A77B-893BAE6E97BA}.Debug|Any CPU.Build.0 = Debug|Any CPU
		{77037BF4-6BC2-425F-A77B-893BAE6E97BA}.Release|Any CPU.ActiveCfg = Release|Any CPU
		{77037BF4-6BC2-425F-A77B-893BAE6E97BA}.Release|Any CPU.Build.0 = Release|Any CPU
		{04016E07-D5FB-4EC7-B264-17DA1A585EA6}.Debug|Any CPU.ActiveCfg = Debug|Any CPU
		{04016E07-D5FB-4EC7-B264-17DA1A585EA6}.Debug|Any CPU.Build.0 = Debug|Any CPU
		{04016E07-D5FB-4EC7-B264-17DA1A585EA6}.Release|Any CPU.ActiveCfg = Release|Any CPU
		{04016E07-D5FB-4EC7-B264-17DA1A585EA6}.Release|Any CPU.Build.0 = Release|Any CPU
		{C846D029-8301-4BAA-8994-6A088078010F}.Debug|Any CPU.ActiveCfg = Debug|Any CPU
		{C846D029-8301-4BAA-8994-6A088078010F}.Debug|Any CPU.Build.0 = Debug|Any CPU
		{C846D029-8301-4BAA-8994-6A088078010F}.Release|Any CPU.ActiveCfg = Release|Any CPU
		{C846D029-8301-4BAA-8994-6A088078010F}.Release|Any CPU.Build.0 = Release|Any CPU
	EndGlobalSection
	GlobalSection(SolutionProperties) = preSolution
		HideSolutionNode = FALSE
	EndGlobalSection
	GlobalSection(ExtensibilityGlobals) = postSolution
		SolutionGuid = {2D3C5E21-33A5-427A-8968-3BA65B08A7F3}
	EndGlobalSection
EndGlobal
